
Microsoft Visual Studio Solution File, Format Version 12.00
# Visual Studio Version 17
VisualStudioVersion = 17.11.35219.272
MinimumVisualStudioVersion = 10.0.40219.1
Project("{FAE04EC0-301F-11D3-BF4B-00C04F79EFBC}") = "Sesion5 Ejercicio 1", "Sesion5 Ejercicio 1.csproj", "{EEBA27A7-71D6-4E11-8FBE-2577B279AF8F}"
EndProject
Global
	GlobalSection(SolutionConfigurationPlatforms) = preSolution
		Debug|Any CPU = Debug|Any CPU
		Release|Any CPU = Release|Any CPU
	EndGlobalSection
	GlobalSection(ProjectConfigurationPlatforms) = postSolution
		{EEBA27A7-71D6-4E11-8FBE-2577B279AF8F}.Debug|Any CPU.ActiveCfg = Debug|Any CPU
		{EEBA27A7-71D6-4E11-8FBE-2577B279AF8F}.Debug|Any CPU.Build.0 = Debug|Any CPU
		{EEBA27A7-71D6-4E11-8FBE-2577B279AF8F}.Release|Any CPU.ActiveCfg = Release|Any CPU
		{EEBA27A7-71D6-4E11-8FBE-2577B279AF8F}.Release|Any CPU.Build.0 = Release|Any CPU
	EndGlobalSection
	GlobalSection(SolutionProperties) = preSolution
		HideSolutionNode = FALSE
	EndGlobalSection
	GlobalSection(ExtensibilityGlobals) = postSolution
		SolutionGuid = {AF0F64C9-FB2E-4608-9E4D-D17BD700B314}
	EndGlobalSection
EndGlobal
